{
  "name": "Reactivities",
  "lockfileVersion": 3,
  "requires": true,
  "packages": {
    "": {
      "dependencies": {
        "mobx": "^6.13.1"
      }
    },
    "node_modules/mobx": {
      "version": "6.13.1",
      "resolved": "https://registry.npmjs.org/mobx/-/mobx-6.13.1.tgz",
      "integrity": "sha512-ekLRxgjWJr8hVxj9ZKuClPwM/iHckx3euIJ3Np7zLVNtqJvfbbq7l370W/98C8EabdQ1pB5Jd3BbDWxJPNnaOg==",
      "license": "MIT",
      "funding": {
        "type": "opencollective",
        "url": "https://opencollective.com/mobx"
      }
    }
  }
}
