
Microsoft Visual Studio Solution File, Format Version 12.00
# Visual Studio Version 17
VisualStudioVersion = 17.0.31903.59
MinimumVisualStudioVersion = 10.0.40219.1
Project("{FAE04EC0-301F-11D3-BF4B-00C04F79EFBC}") = "API", "API\API.csproj", "{89A286A8-F226-47E7-8C7E-871D59E1602B}"
EndProject
Project("{FAE04EC0-301F-11D3-BF4B-00C04F79EFBC}") = "Application", "Application\Application.csproj", "{FEBEA989-8A2C-4F4E-AAE0-02760C18BB13}"
EndProject
Project("{FAE04EC0-301F-11D3-BF4B-00C04F79EFBC}") = "Domain", "Domain\Domain.csproj", "{A01688CD-2C2D-48F2-A0C0-FC2FA81F25E5}"
EndProject
Project("{FAE04EC0-301F-11D3-BF4B-00C04F79EFBC}") = "Persistence", "Persistence\Persistence.csproj", "{B280B67E-7631-498D-8D24-4E35D5B70CA1}"
EndProject
Global
	GlobalSection(SolutionConfigurationPlatforms) = preSolution
		Debug|Any CPU = Debug|Any CPU
		Release|Any CPU = Release|Any CPU
	EndGlobalSection
	GlobalSection(SolutionProperties) = preSolution
		HideSolutionNode = FALSE
	EndGlobalSection
	GlobalSection(ProjectConfigurationPlatforms) = postSolution
		{89A286A8-F226-47E7-8C7E-871D59E1602B}.Debug|Any CPU.ActiveCfg = Debug|Any CPU
		{89A286A8-F226-47E7-8C7E-871D59E1602B}.Debug|Any CPU.Build.0 = Debug|Any CPU
		{89A286A8-F226-47E7-8C7E-871D59E1602B}.Release|Any CPU.ActiveCfg = Release|Any CPU
		{89A286A8-F226-47E7-8C7E-871D59E1602B}.Release|Any CPU.Build.0 = Release|Any CPU
		{FEBEA989-8A2C-4F4E-AAE0-02760C18BB13}.Debug|Any CPU.ActiveCfg = Debug|Any CPU
		{FEBEA989-8A2C-4F4E-AAE0-02760C18BB13}.Debug|Any CPU.Build.0 = Debug|Any CPU
		{FEBEA989-8A2C-4F4E-AAE0-02760C18BB13}.Release|Any CPU.ActiveCfg = Release|Any CPU
		{FEBEA989-8A2C-4F4E-AAE0-02760C18BB13}.Release|Any CPU.Build.0 = Release|Any CPU
		{A01688CD-2C2D-48F2-A0C0-FC2FA81F25E5}.Debug|Any CPU.ActiveCfg = Debug|Any CPU
		{A01688CD-2C2D-48F2-A0C0-FC2FA81F25E5}.Debug|Any CPU.Build.0 = Debug|Any CPU
		{A01688CD-2C2D-48F2-A0C0-FC2FA81F25E5}.Release|Any CPU.ActiveCfg = Release|Any CPU
		{A01688CD-2C2D-48F2-A0C0-FC2FA81F25E5}.Release|Any CPU.Build.0 = Release|Any CPU
		{B280B67E-7631-498D-8D24-4E35D5B70CA1}.Debug|Any CPU.ActiveCfg = Debug|Any CPU
		{B280B67E-7631-498D-8D24-4E35D5B70CA1}.Debug|Any CPU.Build.0 = Debug|Any CPU
		{B280B67E-7631-498D-8D24-4E35D5B70CA1}.Release|Any CPU.ActiveCfg = Release|Any CPU
		{B280B67E-7631-498D-8D24-4E35D5B70CA1}.Release|Any CPU.Build.0 = Release|Any CPU
	EndGlobalSection
EndGlobal
